// !$*UTF8*$!
{
	archiveVersion = 1;
	classes = {
	};
	objectVersion = 56;
	objects = {

/* Begin PBXBuildFile section */
		3212F4A329DB064D0048121F /* MVVMSampleApp.swift in Sources */ = {isa = PBXBuildFile; fileRef = 3212F4A229DB064D0048121F /* MVVMSampleApp.swift */; };
		3212F4A529DB064D0048121F /* ContentView.swift in Sources */ = {isa = PBXBuildFile; fileRef = 3212F4A429DB064D0048121F /* ContentView.swift */; };
		3212F4A729DB064D0048121F /* Assets.xcassets in Resources */ = {isa = PBXBuildFile; fileRef = 3212F4A629DB064D0048121F /* Assets.xcassets */; };
		3212F4AA29DB064D0048121F /* Preview Assets.xcassets in Resources */ = {isa = PBXBuildFile; fileRef = 3212F4A929DB064D0048121F /* Preview Assets.xcassets */; };
		3212F4B429DB064D0048121F /* MVVMSampleTests.swift in Sources */ = {isa = PBXBuildFile; fileRef = 3212F4B329DB064D0048121F /* MVVMSampleTests.swift */; };
		3212F4BE29DB064E0048121F /* MVVMSampleUITests.swift in Sources */ = {isa = PBXBuildFile; fileRef = 3212F4BD29DB064E0048121F /* MVVMSampleUITests.swift */; };
		3212F4C029DB064E0048121F /* MVVMSampleUITestsLaunchTests.swift in Sources */ = {isa = PBXBuildFile; fileRef = 3212F4BF29DB064E0048121F /* MVVMSampleUITestsLaunchTests.swift */; };
		3212F4CD29DB21D30048121F /* DataRepository.swift in Sources */ = {isa = PBXBuildFile; fileRef = 3212F4CC29DB21D30048121F /* DataRepository.swift */; };
/* End PBXBuildFile section */

/* Begin PBXContainerItemProxy section */
		3212F4B029DB064D0048121F /* PBXContainerItemProxy */ = {
			isa = PBXContainerItemProxy;
			containerPortal = 3212F49729DB064D0048121F /* Project object */;
			proxyType = 1;
			remoteGlobalIDString = 3212F49E29DB064D0048121F;
			remoteInfo = MVVMSample;
		};
		3212F4BA29DB064E0048121F /* PBXContainerItemProxy */ = {
			isa = PBXContainerItemProxy;
			containerPortal = 3212F49729DB064D0048121F /* Project object */;
			proxyType = 1;
			remoteGlobalIDString = 3212F49E29DB064D0048121F;
			remoteInfo = MVVMSample;
		};
/* End PBXContainerItemProxy section */

/* Begin PBXFileReference section */
		3212F49F29DB064D0048121F /* MVVMSample.app */ = {isa = PBXFileReference; explicitFileType = wrapper.application; includeInIndex = 0; path = MVVMSample.app; sourceTree = BUILT_PRODUCTS_DIR; };
		3212F4A229DB064D0048121F /* MVVMSampleApp.swift */ = {isa = PBXFileReference; lastKnownFileType = sourcecode.swift; path = MVVMSampleApp.swift; sourceTree = "<group>"; };
		3212F4A429DB064D0048121F /* ContentView.swift */ = {isa = PBXFileReference; lastKnownFileType = sourcecode.swift; path = ContentView.swift; sourceTree = "<group>"; };
		3212F4A629DB064D0048121F /* Assets.xcassets */ = {isa = PBXFileReference; lastKnownFileType = folder.assetcatalog; path = Assets.xcassets; sourceTree = "<group>"; };
		3212F4A929DB064D0048121F /* Preview Assets.xcassets */ = {isa = PBXFileReference; lastKnownFileType = folder.assetcatalog; path = "Preview Assets.xcassets"; sourceTree = "<group>"; };
		3212F4AF29DB064D0048121F /* MVVMSampleTests.xctest */ = {isa = PBXFileReference; explicitFileType = wrapper.cfbundle; includeInIndex = 0; path = MVVMSampleTests.xctest; sourceTree = BUILT_PRODUCTS_DIR; };
		3212F4B329DB064D0048121F /* MVVMSampleTests.swift */ = {isa = PBXFileReference; lastKnownFileType = sourcecode.swift; path = MVVMSampleTests.swift; sourceTree = "<group>"; };
		3212F4B929DB064E0048121F /* MVVMSampleUITests.xctest */ = {isa = PBXFileReference; explicitFileType = wrapper.cfbundle; includeInIndex = 0; path = MVVMSampleUITests.xctest; sourceTree = BUILT_PRODUCTS_DIR; };
		3212F4BD29DB064E0048121F /* MVVMSampleUITests.swift */ = {isa = PBXFileReference; lastKnownFileType = sourcecode.swift; path = MVVMSampleUITests.swift; sourceTree = "<group>"; };
		3212F4BF29DB064E0048121F /* MVVMSampleUITestsLaunchTests.swift */ = {isa = PBXFileReference; lastKnownFileType = sourcecode.swift; path = MVVMSampleUITestsLaunchTests.swift; sourceTree = "<group>"; };
		3212F4CC29DB21D30048121F /* DataRepository.swift */ = {isa = PBXFileReference; lastKnownFileType = sourcecode.swift; path = DataRepository.swift; sourceTree = "<group>"; };
/* End PBXFileReference section */

/* Begin PBXFrameworksBuildPhase section */
		3212F49C29DB064D0048121F /* Frameworks */ = {
			isa = PBXFrameworksBuildPhase;
			buildActionMask = 2147483647;
			files = (
			);
			runOnlyForDeploymentPostprocessing = 0;
		};
		3212F4AC29DB064D0048121F /* Frameworks */ = {
			isa = PBXFrameworksBuildPhase;
			buildActionMask = 2147483647;
			files = (
			);
			runOnlyForDeploymentPostprocessing = 0;
		};
		3212F4B629DB064E0048121F /* Frameworks */ = {
			isa = PBXFrameworksBuildPhase;
			buildActionMask = 2147483647;
			files = (
			);
			runOnlyForDeploymentPostprocessing = 0;
		};
/* End PBXFrameworksBuildPhase section */

/* Begin PBXGroup section */
		3212F49629DB064D0048121F = {
			isa = PBXGroup;
			children = (
				3212F4A129DB064D0048121F /* MVVMSample */,
				3212F4B229DB064D0048121F /* MVVMSampleTests */,
				3212F4BC29DB064E0048121F /* MVVMSampleUITests */,
				3212F4A029DB064D0048121F /* Products */,
			);
			sourceTree = "<group>";
		};
		3212F4A029DB064D0048121F /* Products */ = {
			isa = PBXGroup;
			children = (
				3212F49F29DB064D0048121F /* MVVMSample.app */,
				3212F4AF29DB064D0048121F /* MVVMSampleTests.xctest */,
				3212F4B929DB064E0048121F /* MVVMSampleUITests.xctest */,
			);
			name = Products;
			sourceTree = "<group>";
		};
		3212F4A129DB064D0048121F /* MVVMSample */ = {
			isa = PBXGroup;
			children = (
				3212F4A229DB064D0048121F /* MVVMSampleApp.swift */,
				3212F4A429DB064D0048121F /* ContentView.swift */,
				3212F4A629DB064D0048121F /* Assets.xcassets */,
				3212F4A829DB064D0048121F /* Preview Content */,
				3212F4CC29DB21D30048121F /* DataRepository.swift */,
			);
			path = MVVMSample;
			sourceTree = "<group>";
		};
		3212F4A829DB064D0048121F /* Preview Content */ = {
			isa = PBXGroup;
			children = (
				3212F4A929DB064D0048121F /* Preview Assets.xcassets */,
			);
			path = "Preview Content";
			sourceTree = "<group>";
		};
		3212F4B229DB064D0048121F /* MVVMSampleTests */ = {
			isa = PBXGroup;
			children = (
				3212F4B329DB064D0048121F /* MVVMSampleTests.swift */,
			);
			path = MVVMSampleTests;
			sourceTree = "<group>";
		};
		3212F4BC29DB064E0048121F /* MVVMSampleUITests */ = {
			isa = PBXGroup;
			children = (
				3212F4BD29DB064E0048121F /* MVVMSampleUITests.swift */,
				3212F4BF29DB064E0048121F /* MVVMSampleUITestsLaunchTests.swift */,
			);
			path = MVVMSampleUITests;
			sourceTree = "<group>";
		};
/* End PBXGroup section */

/* Begin PBXNativeTarget section */
		3212F49E29DB064D0048121F /* MVVMSample */ = {
			isa = PBXNativeTarget;
			buildConfigurationList = 3212F4C329DB064E0048121F /* Build configuration list for PBXNativeTarget "MVVMSample" */;
			buildPhases = (
				3212F49B29DB064D0048121F /* Sources */,
				3212F49C29DB064D0048121F /* Frameworks */,
				3212F49D29DB064D0048121F /* Resources */,
			);
			buildRules = (
			);
			dependencies = (
			);
			name = MVVMSample;
			productName = MVVMSample;
			productReference = 3212F49F29DB064D0048121F /* MVVMSample.app */;
			productType = "com.apple.product-type.application";
		};
		3212F4AE29DB064D0048121F /* MVVMSampleTests */ = {
			isa = PBXNativeTarget;
			buildConfigurationList = 3212F4C629DB064E0048121F /* Build configuration list for PBXNativeTarget "MVVMSampleTests" */;
			buildPhases = (
				3212F4AB29DB064D0048121F /* Sources */,
				3212F4AC29DB064D0048121F /* Frameworks */,
				3212F4AD29DB064D0048121F /* Resources */,
			);
			buildRules = (
			);
			dependencies = (
				3212F4B129DB064D0048121F /* PBXTargetDependency */,
			);
			name = MVVMSampleTests;
			productName = MVVMSampleTests;
			productReference = 3212F4AF29DB064D0048121F /* MVVMSampleTests.xctest */;
			productType = "com.apple.product-type.bundle.unit-test";
		};
		3212F4B829DB064E0048121F /* MVVMSampleUITests */ = {
			isa = PBXNativeTarget;
			buildConfigurationList = 3212F4C929DB064E0048121F /* Build configuration list for PBXNativeTarget "MVVMSampleUITests" */;
			buildPhases = (
				3212F4B529DB064E0048121F /* Sources */,
				3212F4B629DB064E0048121F /* Frameworks */,
				3212F4B729DB064E0048121F /* Resources */,
			);
			buildRules = (
			);
			dependencies = (
				3212F4BB29DB064E0048121F /* PBXTargetDependency */,
			);
			name = MVVMSampleUITests;
			productName = MVVMSampleUITests;
			productReference = 3212F4B929DB064E0048121F /* MVVMSampleUITests.xctest */;
			productType = "com.apple.product-type.bundle.ui-testing";
		};
/* End PBXNativeTarget section */

/* Begin PBXProject section */
		3212F49729DB064D0048121F /* Project object */ = {
			isa = PBXProject;
			attributes = {
				BuildIndependentTargetsInParallel = 1;
				LastSwiftUpdateCheck = 1430;
				LastUpgradeCheck = 1430;
				TargetAttributes = {
					3212F49E29DB064D0048121F = {
						CreatedOnToolsVersion = 14.3;
					};
					3212F4AE29DB064D0048121F = {
						CreatedOnToolsVersion = 14.3;
						TestTargetID = 3212F49E29DB064D0048121F;
					};
					3212F4B829DB064E0048121F = {
						CreatedOnToolsVersion = 14.3;
						TestTargetID = 3212F49E29DB064D0048121F;
					};
				};
			};
			buildConfigurationList = 3212F49A29DB064D0048121F /* Build configuration list for PBXProject "MVVMSample" */;
			compatibilityVersion = "Xcode 14.0";
			developmentRegion = en;
			hasScannedForEncodings = 0;
			knownRegions = (
				en,
				Base,
			);
			mainGroup = 3212F49629DB064D0048121F;
			productRefGroup = 3212F4A029DB064D0048121F /* Products */;
			projectDirPath = "";
			projectRoot = "";
			targets = (
				3212F49E29DB064D0048121F /* MVVMSample */,
				3212F4AE29DB064D0048121F /* MVVMSampleTests */,
				3212F4B829DB064E0048121F /* MVVMSampleUITests */,
			);
		};
/* End PBXProject section */

/* Begin PBXResourcesBuildPhase section */
		3212F49D29DB064D0048121F /* Resources */ = {
			isa = PBXResourcesBuildPhase;
			buildActionMask = 2147483647;
			files = (
				3212F4AA29DB064D0048121F /* Preview Assets.xcassets in Resources */,
				3212F4A729DB064D0048121F /* Assets.xcassets in Resources */,
			);
			runOnlyForDeploymentPostprocessing = 0;
		};
		3212F4AD29DB064D0048121F /* Resources */ = {
			isa = PBXResourcesBuildPhase;
			buildActionMask = 2147483647;
			files = (
			);
			runOnlyForDeploymentPostprocessing = 0;
		};
		3212F4B729DB064E0048121F /* Resources */ = {
			isa = PBXResourcesBuildPhase;
			buildActionMask = 2147483647;
			files = (
			);
			runOnlyForDeploymentPostprocessing = 0;
		};
/* End PBXResourcesBuildPhase section */

/* Begin PBXSourcesBuildPhase section */
		3212F49B29DB064D0048121F /* Sources */ = {
			isa = PBXSourcesBuildPhase;
			buildActionMask = 2147483647;
			files = (
				3212F4CD29DB21D30048121F /* DataRepository.swift in Sources */,
				3212F4A529DB064D0048121F /* ContentView.swift in Sources */,
				3212F4A329DB064D0048121F /* MVVMSampleApp.swift in Sources */,
			);
			runOnlyForDeploymentPostprocessing = 0;
		};
		3212F4AB29DB064D0048121F /* Sources */ = {
			isa = PBXSourcesBuildPhase;
			buildActionMask = 2147483647;
			files = (
				3212F4B429DB064D0048121F /* MVVMSampleTests.swift in Sources */,
			);
			runOnlyForDeploymentPostprocessing = 0;
		};
		3212F4B529DB064E0048121F /* Sources */ = {
			isa = PBXSourcesBuildPhase;
			buildActionMask = 2147483647;
			files = (
				3212F4C029DB064E0048121F /* MVVMSampleUITestsLaunchTests.swift in Sources */,
				3212F4BE29DB064E0048121F /* MVVMSampleUITests.swift in Sources */,
			);
			runOnlyForDeploymentPostprocessing = 0;
		};
/* End PBXSourcesBuildPhase section */

/* Begin PBXTargetDependency section */
		3212F4B129DB064D0048121F /* PBXTargetDependency */ = {
			isa = PBXTargetDependency;
			target = 3212F49E29DB064D0048121F /* MVVMSample */;
			targetProxy = 3212F4B029DB064D0048121F /* PBXContainerItemProxy */;
		};
		3212F4BB29DB064E0048121F /* PBXTargetDependency */ = {
			isa = PBXTargetDependency;
			target = 3212F49E29DB064D0048121F /* MVVMSample */;
			targetProxy = 3212F4BA29DB064E0048121F /* PBXContainerItemProxy */;
		};
/* End PBXTargetDependency section */

/* Begin XCBuildConfiguration section */
		3212F4C129DB064E0048121F /* Debug */ = {
			isa = XCBuildConfiguration;
			buildSettings = {
				ALWAYS_SEARCH_USER_PATHS = NO;
				CLANG_ANALYZER_NONNULL = YES;
				CLANG_ANALYZER_NUMBER_OBJECT_CONVERSION = YES_AGGRESSIVE;
				CLANG_CXX_LANGUAGE_STANDARD = "gnu++20";
				CLANG_ENABLE_MODULES = YES;
				CLANG_ENABLE_OBJC_ARC = YES;
				CLANG_ENABLE_OBJC_WEAK = YES;
				CLANG_WARN_BLOCK_CAPTURE_AUTORELEASING = YES;
				CLANG_WARN_BOOL_CONVERSION = YES;
				CLANG_WARN_COMMA = YES;
				CLANG_WARN_CONSTANT_CONVERSION = YES;
				CLANG_WARN_DEPRECATED_OBJC_IMPLEMENTATIONS = YES;
				CLANG_WARN_DIRECT_OBJC_ISA_USAGE = YES_ERROR;
				CLANG_WARN_DOCUMENTATION_COMMENTS = YES;
				CLANG_WARN_EMPTY_BODY = YES;
				CLANG_WARN_ENUM_CONVERSION = YES;
				CLANG_WARN_INFINITE_RECURSION = YES;
				CLANG_WARN_INT_CONVERSION = YES;
				CLANG_WARN_NON_LITERAL_NULL_CONVERSION = YES;
				CLANG_WARN_OBJC_IMPLICIT_RETAIN_SELF = YES;
				CLANG_WARN_OBJC_LITERAL_CONVERSION = YES;
				CLANG_WARN_OBJC_ROOT_CLASS = YES_ERROR;
				CLANG_WARN_QUOTED_INCLUDE_IN_FRAMEWORK_HEADER = YES;
				CLANG_WARN_RANGE_LOOP_ANALYSIS = YES;
				CLANG_WARN_STRICT_PROTOTYPES = YES;
				CLANG_WARN_SUSPICIOUS_MOVE = YES;
				CLANG_WARN_UNGUARDED_AVAILABILITY = YES_AGGRESSIVE;
				CLANG_WARN_UNREACHABLE_CODE = YES;
				CLANG_WARN__DUPLICATE_METHOD_MATCH = YES;
				COPY_PHASE_STRIP = NO;
				DEBUG_INFORMATION_FORMAT = dwarf;
				ENABLE_STRICT_OBJC_MSGSEND = YES;
				ENABLE_TESTABILITY = YES;
				GCC_C_LANGUAGE_STANDARD = gnu11;
				GCC_DYNAMIC_NO_PIC = NO;
				GCC_NO_COMMON_BLOCKS = YES;
				GCC_OPTIMIZATION_LEVEL = 0;
				GCC_PREPROCESSOR_DEFINITIONS = (
					"DEBUG=1",
					"$(inherited)",
				);
				GCC_WARN_64_TO_32_BIT_CONVERSION = YES;
				GCC_WARN_ABOUT_RETURN_TYPE = YES_ERROR;
				GCC_WARN_UNDECLARED_SELECTOR = YES;
				GCC_WARN_UNINITIALIZED_AUTOS = YES_AGGRESSIVE;
				GCC_WARN_UNUSED_FUNCTION = YES;
				GCC_WARN_UNUSED_VARIABLE = YES;
				IPHONEOS_DEPLOYMENT_TARGET = 16.4;
				MTL_ENABLE_DEBUG_INFO = INCLUDE_SOURCE;
				MTL_FAST_MATH = YES;
				ONLY_ACTIVE_ARCH = YES;
				SDKROOT = iphoneos;
				SWIFT_ACTIVE_COMPILATION_CONDITIONS = DEBUG;
				SWIFT_OPTIMIZATION_LEVEL = "-Onone";
			};
			name = Debug;
		};
		3212F4C229DB064E0048121F /* Release */ = {
			isa = XCBuildConfiguration;
			buildSettings = {
				ALWAYS_SEARCH_USER_PATHS = NO;
				CLANG_ANALYZER_NONNULL = YES;
				CLANG_ANALYZER_NUMBER_OBJECT_CONVERSION = YES_AGGRESSIVE;
				CLANG_CXX_LANGUAGE_STANDARD = "gnu++20";
				CLANG_ENABLE_MODULES = YES;
				CLANG_ENABLE_OBJC_ARC = YES;
				CLANG_ENABLE_OBJC_WEAK = YES;
				CLANG_WARN_BLOCK_CAPTURE_AUTORELEASING = YES;
				CLANG_WARN_BOOL_CONVERSION = YES;
				CLANG_WARN_COMMA = YES;
				CLANG_WARN_CONSTANT_CONVERSION = YES;
				CLANG_WARN_DEPRECATED_OBJC_IMPLEMENTATIONS = YES;
				CLANG_WARN_DIRECT_OBJC_ISA_USAGE = YES_ERROR;
				CLANG_WARN_DOCUMENTATION_COMMENTS = YES;
				CLANG_WARN_EMPTY_BODY = YES;
				CLANG_WARN_ENUM_CONVERSION = YES;
				CLANG_WARN_INFINITE_RECURSION = YES;
				CLANG_WARN_INT_CONVERSION = YES;
				CLANG_WARN_NON_LITERAL_NULL_CONVERSION = YES;
				CLANG_WARN_OBJC_IMPLICIT_RETAIN_SELF = YES;
				CLANG_WARN_OBJC_LITERAL_CONVERSION = YES;
				CLANG_WARN_OBJC_ROOT_CLASS = YES_ERROR;
				CLANG_WARN_QUOTED_INCLUDE_IN_FRAMEWORK_HEADER = YES;
				CLANG_WARN_RANGE_LOOP_ANALYSIS = YES;
				CLANG_WARN_STRICT_PROTOTYPES = YES;
				CLANG_WARN_SUSPICIOUS_MOVE = YES;
				CLANG_WARN_UNGUARDED_AVAILABILITY = YES_AGGRESSIVE;
				CLANG_WARN_UNREACHABLE_CODE = YES;
				CLANG_WARN__DUPLICATE_METHOD_MATCH = YES;
				COPY_PHASE_STRIP = NO;
				DEBUG_INFORMATION_FORMAT = "dwarf-with-dsym";
				ENABLE_NS_ASSERTIONS = NO;
				ENABLE_STRICT_OBJC_MSGSEND = YES;
				GCC_C_LANGUAGE_STANDARD = gnu11;
				GCC_NO_COMMON_BLOCKS = YES;
				GCC_WARN_64_TO_32_BIT_CONVERSION = YES;
				GCC_WARN_ABOUT_RETURN_TYPE = YES_ERROR;
				GCC_WARN_UNDECLARED_SELECTOR = YES;
				GCC_WARN_UNINITIALIZED_AUTOS = YES_AGGRESSIVE;
				GCC_WARN_UNUSED_FUNCTION = YES;
				GCC_WARN_UNUSED_VARIABLE = YES;
				IPHONEOS_DEPLOYMENT_TARGET = 16.4;
				MTL_ENABLE_DEBUG_INFO = NO;
				MTL_FAST_MATH = YES;
				SDKROOT = iphoneos;
				SWIFT_COMPILATION_MODE = wholemodule;
				SWIFT_OPTIMIZATION_LEVEL = "-O";
				VALIDATE_PRODUCT = YES;
			};
			name = Release;
		};
		3212F4C429DB064E0048121F /* Debug */ = {
			isa = XCBuildConfiguration;
			buildSettings = {
				ASSETCATALOG_COMPILER_APPICON_NAME = AppIcon;
				ASSETCATALOG_COMPILER_GLOBAL_ACCENT_COLOR_NAME = AccentColor;
				CODE_SIGN_STYLE = Automatic;
				CURRENT_PROJECT_VERSION = 1;
				DEVELOPMENT_ASSET_PATHS = "\"MVVMSample/Preview Content\"";
				ENABLE_PREVIEWS = YES;
				GENERATE_INFOPLIST_FILE = YES;
				INFOPLIST_KEY_UIApplicationSceneManifest_Generation = YES;
				INFOPLIST_KEY_UIApplicationSupportsIndirectInputEvents = YES;
				INFOPLIST_KEY_UILaunchScreen_Generation = YES;
				INFOPLIST_KEY_UISupportedInterfaceOrientations_iPad = "UIInterfaceOrientationPortrait UIInterfaceOrientationPortraitUpsideDown UIInterfaceOrientationLandscapeLeft UIInterfaceOrientationLandscapeRight";
				INFOPLIST_KEY_UISupportedInterfaceOrientations_iPhone = "UIInterfaceOrientationPortrait UIInterfaceOrientationLandscapeLeft UIInterfaceOrientationLandscapeRight";
				LD_RUNPATH_SEARCH_PATHS = (
					"$(inherited)",
					"@executable_path/Frameworks",
				);
				MARKETING_VERSION = 1.0;
				PRODUCT_BUNDLE_IDENTIFIER = jp.yoshimaru0419.MVVMSample;
				PRODUCT_NAME = "$(TARGET_NAME)";
				SWIFT_EMIT_LOC_STRINGS = YES;
				SWIFT_VERSION = 5.0;
				TARGETED_DEVICE_FAMILY = "1,2";
			};
			name = Debug;
		};
		3212F4C529DB064E0048121F /* Release */ = {
			isa = XCBuildConfiguration;
			buildSettings = {
				ASSETCATALOG_COMPILER_APPICON_NAME = AppIcon;
				ASSETCATALOG_COMPILER_GLOBAL_ACCENT_COLOR_NAME = AccentColor;
				CODE_SIGN_STYLE = Automatic;
				CURRENT_PROJECT_VERSION = 1;
				DEVELOPMENT_ASSET_PATHS = "\"MVVMSample/Preview Content\"";
				ENABLE_PREVIEWS = YES;
				GENERATE_INFOPLIST_FILE = YES;
				INFOPLIST_KEY_UIApplicationSceneManifest_Generation = YES;
				INFOPLIST_KEY_UIApplicationSupportsIndirectInputEvents = YES;
				INFOPLIST_KEY_UILaunchScreen_Generation = YES;
				INFOPLIST_KEY_UISupportedInterfaceOrientations_iPad = "UIInterfaceOrientationPortrait UIInterfaceOrientationPortraitUpsideDown UIInterfaceOrientationLandscapeLeft UIInterfaceOrientationLandscapeRight";
				INFOPLIST_KEY_UISupportedInterfaceOrientations_iPhone = "UIInterfaceOrientationPortrait UIInterfaceOrientationLandscapeLeft UIInterfaceOrientationLandscapeRight";
				LD_RUNPATH_SEARCH_PATHS = (
					"$(inherited)",
					"@executable_path/Frameworks",
				);
				MARKETING_VERSION = 1.0;
				PRODUCT_BUNDLE_IDENTIFIER = jp.yoshimaru0419.MVVMSample;
				PRODUCT_NAME = "$(TARGET_NAME)";
				SWIFT_EMIT_LOC_STRINGS = YES;
				SWIFT_VERSION = 5.0;
				TARGETED_DEVICE_FAMILY = "1,2";
			};
			name = Release;
		};
		3212F4C729DB064E0048121F /* Debug */ = {
			isa = XCBuildConfiguration;
			buildSettings = {
				ALWAYS_EMBED_SWIFT_STANDARD_LIBRARIES = YES;
				BUNDLE_LOADER = "$(TEST_HOST)";
				CODE_SIGN_STYLE = Automatic;
				CURRENT_PROJECT_VERSION = 1;
				GENERATE_INFOPLIST_FILE = YES;
				IPHONEOS_DEPLOYMENT_TARGET = 16.4;
				MARKETING_VERSION = 1.0;
				PRODUCT_BUNDLE_IDENTIFIER = jp.yoshimaru0419.MVVMSampleTests;
				PRODUCT_NAME = "$(TARGET_NAME)";
				SWIFT_EMIT_LOC_STRINGS = NO;
				SWIFT_VERSION = 5.0;
				TARGETED_DEVICE_FAMILY = "1,2";
				TEST_HOST = "$(BUILT_PRODUCTS_DIR)/MVVMSample.app/$(BUNDLE_EXECUTABLE_FOLDER_PATH)/MVVMSample";
			};
			name = Debug;
		};
		3212F4C829DB064E0048121F /* Release */ = {
			isa = XCBuildConfiguration;
			buildSettings = {
				ALWAYS_EMBED_SWIFT_STANDARD_LIBRARIES = YES;
				BUNDLE_LOADER = "$(TEST_HOST)";
				CODE_SIGN_STYLE = Automatic;
				CURRENT_PROJECT_VERSION = 1;
				GENERATE_INFOPLIST_FILE = YES;
				IPHONEOS_DEPLOYMENT_TARGET = 16.4;
				MARKETING_VERSION = 1.0;
				PRODUCT_BUNDLE_IDENTIFIER = jp.yoshimaru0419.MVVMSampleTests;
				PRODUCT_NAME = "$(TARGET_NAME)";
				SWIFT_EMIT_LOC_STRINGS = NO;
				SWIFT_VERSION = 5.0;
				TARGETED_DEVICE_FAMILY = "1,2";
				TEST_HOST = "$(BUILT_PRODUCTS_DIR)/MVVMSample.app/$(BUNDLE_EXECUTABLE_FOLDER_PATH)/MVVMSample";
			};
			name = Release;
		};
		3212F4CA29DB064E0048121F /* Debug */ = {
			isa = XCBuildConfiguration;
			buildSettings = {
				ALWAYS_EMBED_SWIFT_STANDARD_LIBRARIES = YES;
				CODE_SIGN_STYLE = Automatic;
				CURRENT_PROJECT_VERSION = 1;
				GENERATE_INFOPLIST_FILE = YES;
				MARKETING_VERSION = 1.0;
				PRODUCT_BUNDLE_IDENTIFIER = jp.yoshimaru0419.MVVMSampleUITests;
				PRODUCT_NAME = "$(TARGET_NAME)";
				SWIFT_EMIT_LOC_STRINGS = NO;
				SWIFT_VERSION = 5.0;
				TARGETED_DEVICE_FAMILY = "1,2";
				TEST_TARGET_NAME = MVVMSample;
			};
			name = Debug;
		};
		3212F4CB29DB064E0048121F /* Release */ = {
			isa = XCBuildConfiguration;
			buildSettings = {
				ALWAYS_EMBED_SWIFT_STANDARD_LIBRARIES = YES;
				CODE_SIGN_STYLE = Automatic;
				CURRENT_PROJECT_VERSION = 1;
				GENERATE_INFOPLIST_FILE = YES;
				MARKETING_VERSION = 1.0;
				PRODUCT_BUNDLE_IDENTIFIER = jp.yoshimaru0419.MVVMSampleUITests;
				PRODUCT_NAME = "$(TARGET_NAME)";
				SWIFT_EMIT_LOC_STRINGS = NO;
				SWIFT_VERSION = 5.0;
				TARGETED_DEVICE_FAMILY = "1,2";
				TEST_TARGET_NAME = MVVMSample;
			};
			name = Release;
		};
/* End XCBuildConfiguration section */

/* Begin XCConfigurationList section */
		3212F49A29DB064D0048121F /* Build configuration list for PBXProject "MVVMSample" */ = {
			isa = XCConfigurationList;
			buildConfigurations = (
				3212F4C129DB064E0048121F /* Debug */,
				3212F4C229DB064E0048121F /* Release */,
			);
			defaultConfigurationIsVisible = 0;
			defaultConfigurationName = Release;
		};
		3212F4C329DB064E0048121F /* Build configuration list for PBXNativeTarget "MVVMSample" */ = {
			isa = XCConfigurationList;
			buildConfigurations = (
				3212F4C429DB064E0048121F /* Debug */,
				3212F4C529DB064E0048121F /* Release */,
			);
			defaultConfigurationIsVisible = 0;
			defaultConfigurationName = Release;
		};
		3212F4C629DB064E0048121F /* Build configuration list for PBXNativeTarget "MVVMSampleTests" */ = {
			isa = XCConfigurationList;
			buildConfigurations = (
				3212F4C729DB064E0048121F /* Debug */,
				3212F4C829DB064E0048121F /* Release */,
			);
			defaultConfigurationIsVisible = 0;
			defaultConfigurationName = Release;
		};
		3212F4C929DB064E0048121F /* Build configuration list for PBXNativeTarget "MVVMSampleUITests" */ = {
			isa = XCConfigurationList;
			buildConfigurations = (
				3212F4CA29DB064E0048121F /* Debug */,
				3212F4CB29DB064E0048121F /* Release */,
			);
			defaultConfigurationIsVisible = 0;
			defaultConfigurationName = Release;
		};
/* End XCConfigurationList section */
	};
	rootObject = 3212F49729DB064D0048121F /* Project object */;
}
